
Microsoft Visual Studio Solution File, Format Version 12.00
# Visual Studio Version 17
VisualStudioVersion = 17.0.31903.59
MinimumVisualStudioVersion = 10.0.40219.1
Project("{FAE04EC0-301F-11D3-BF4B-00C04F79EFBC}") = "FleMot.Api", "FleMot.Api\FleMot.Api.csproj", "{7C439875-317A-4866-8B18-7D45FDA40D35}"
EndProject
Project("{FAE04EC0-301F-11D3-BF4B-00C04F79EFBC}") = "FleMot.Api.Tests", "FleMot.Api.Tests\FleMot.Api.Tests.csproj", "{40C40DC4-D715-4733-902D-EB97B18A8E0C}"
EndProject
Global
	GlobalSection(SolutionConfigurationPlatforms) = preSolution
		Debug|Any CPU = Debug|Any CPU
		Release|Any CPU = Release|Any CPU
	EndGlobalSection
	GlobalSection(SolutionProperties) = preSolution
		HideSolutionNode = FALSE
	EndGlobalSection
	GlobalSection(ProjectConfigurationPlatforms) = postSolution
		{7C439875-317A-4866-8B18-7D45FDA40D35}.Debug|Any CPU.ActiveCfg = Debug|Any CPU
		{7C439875-317A-4866-8B18-7D45FDA40D35}.Debug|Any CPU.Build.0 = Debug|Any CPU
		{7C439875-317A-4866-8B18-7D45FDA40D35}.Release|Any CPU.ActiveCfg = Release|Any CPU
		{7C439875-317A-4866-8B18-7D45FDA40D35}.Release|Any CPU.Build.0 = Release|Any CPU
		{40C40DC4-D715-4733-902D-EB97B18A8E0C}.Debug|Any CPU.ActiveCfg = Debug|Any CPU
		{40C40DC4-D715-4733-902D-EB97B18A8E0C}.Debug|Any CPU.Build.0 = Debug|Any CPU
		{40C40DC4-D715-4733-902D-EB97B18A8E0C}.Release|Any CPU.ActiveCfg = Release|Any CPU
		{40C40DC4-D715-4733-902D-EB97B18A8E0C}.Release|Any CPU.Build.0 = Release|Any CPU
	EndGlobalSection
EndGlobal
